
Microsoft Visual Studio Solution File, Format Version 12.00
# Blend for Visual Studio Version 16
VisualStudioVersion = 16.0.31025.218
MinimumVisualStudioVersion = 10.0.40219.1
Project("{FAE04EC0-301F-11D3-BF4B-00C04F79EFBC}") = "Rogue", "Rogue\Rogue.csproj", "{4229C60A-9183-4F4D-8662-988679D68C53}"
EndProject
Global
	GlobalSection(SolutionConfigurationPlatforms) = preSolution
		Debug|Any CPU = Debug|Any CPU
		Release|Any CPU = Release|Any CPU
	EndGlobalSection
	GlobalSection(ProjectConfigurationPlatforms) = postSolution
		{4229C60A-9183-4F4D-8662-988679D68C53}.Debug|Any CPU.ActiveCfg = Debug|Any CPU
		{4229C60A-9183-4F4D-8662-988679D68C53}.Debug|Any CPU.Build.0 = Debug|Any CPU
		{4229C60A-9183-4F4D-8662-988679D68C53}.Release|Any CPU.ActiveCfg = Release|Any CPU
		{4229C60A-9183-4F4D-8662-988679D68C53}.Release|Any CPU.Build.0 = Release|Any CPU
	EndGlobalSection
	GlobalSection(SolutionProperties) = preSolution
		HideSolutionNode = FALSE
	EndGlobalSection
	GlobalSection(ExtensibilityGlobals) = postSolution
		SolutionGuid = {4FA96F38-6EE2-4A4E-9507-F69CD028DFF9}
	EndGlobalSection
EndGlobal
